// !$*UTF8*$!
{
	archiveVersion = 1;
	classes = {
	};
	objectVersion = 46;
	objects = {

/* Begin PBXBuildFile section */
		0FA5F36016674E15001D1D26 /* UIKit.framework in Frameworks */ = {isa = PBXBuildFile; fileRef = 0FA5F35F16674E15001D1D26 /* UIKit.framework */; };
		0FA5F36216674E15001D1D26 /* Foundation.framework in Frameworks */ = {isa = PBXBuildFile; fileRef = 0FA5F36116674E15001D1D26 /* Foundation.framework */; };
		0FA5F36416674E15001D1D26 /* CoreGraphics.framework in Frameworks */ = {isa = PBXBuildFile; fileRef = 0FA5F36316674E15001D1D26 /* CoreGraphics.framework */; };
		0FA5F36A16674E15001D1D26 /* InfoPlist.strings in Resources */ = {isa = PBXBuildFile; fileRef = 0FA5F36816674E15001D1D26 /* InfoPlist.strings */; };
		0FA5F36C16674E15001D1D26 /* main.m in Sources */ = {isa = PBXBuildFile; fileRef = 0FA5F36B16674E15001D1D26 /* main.m */; };
		0FA5F37016674E15001D1D26 /* WILLAppDelegate.m in Sources */ = {isa = PBXBuildFile; fileRef = 0FA5F36F16674E15001D1D26 /* WILLAppDelegate.m */; };
/* End PBXBuildFile section */

/* Begin PBXFileReference section */
		0FA5F35B16674E15001D1D26 /* wus.app */ = {isa = PBXFileReference; explicitFileType = wrapper.application; includeInIndex = 0; path = wus.app; sourceTree = BUILT_PRODUCTS_DIR; };
		0FA5F35F16674E15001D1D26 /* UIKit.framework */ = {isa = PBXFileReference; lastKnownFileType = wrapper.framework; name = UIKit.framework; path = System/Library/Frameworks/UIKit.framework; sourceTree = SDKROOT; };
		0FA5F36116674E15001D1D26 /* Foundation.framework */ = {isa = PBXFileReference; lastKnownFileType = wrapper.framework; name = Foundation.framework; path = System/Library/Frameworks/Foundation.framework; sourceTree = SDKROOT; };
		0FA5F36316674E15001D1D26 /* CoreGraphics.framework */ = {isa = PBXFileReference; lastKnownFileType = wrapper.framework; name = CoreGraphics.framework; path = System/Library/Frameworks/CoreGraphics.framework; sourceTree = SDKROOT; };
		0FA5F36716674E15001D1D26 /* wus-Info.plist */ = {isa = PBXFileReference; path = "wus-Info.plist"; sourceTree = "<group>"; };
		0FA5F36916674E15001D1D26 /* en */ = {isa = PBXFileReference; lastKnownFileType = text.plist.strings; name = en; path = en.lproj/InfoPlist.strings; sourceTree = "<group>"; };
		0FA5F36B16674E15001D1D26 /* main.m */ = {isa = PBXFileReference; lastKnownFileType = sourcecode.c.objc; path = main.m; sourceTree = "<group>"; };
		0FA5F36D16674E15001D1D26 /* wus-Prefix.pch */ = {isa = PBXFileReference; path = "wus-Prefix.pch"; sourceTree = "<group>"; };
		0FA5F36E16674E15001D1D26 /* WILLAppDelegate.h */ = {isa = PBXFileReference; path = WILLAppDelegate.h; sourceTree = "<group>"; };
		0FA5F36F16674E15001D1D26 /* WILLAppDelegate.m */ = {isa = PBXFileReference; lastKnownFileType = sourcecode.c.objc; path = WILLAppDelegate.m; sourceTree = "<group>"; };
/* End PBXFileReference section */

/* Begin PBXFrameworksBuildPhase section */
		0FA5F35816674E15001D1D26 /* Frameworks */ = {
			isa = PBXFrameworksBuildPhase;
			buildActionMask = 2147483647;
			files = (
				0FA5F36016674E15001D1D26 /* UIKit.framework in Frameworks */,
				0FA5F36216674E15001D1D26 /* Foundation.framework in Frameworks */,
				0FA5F36416674E15001D1D26 /* CoreGraphics.framework in Frameworks */,
			);
			runOnlyForDeploymentPostprocessing = 0;
		};
/* End PBXFrameworksBuildPhase section */

/* Begin PBXGroup section */
		0FA5F35016674E15001D1D26 = {
			isa = PBXGroup;
			children = (
				0FA5F36516674E15001D1D26 /* wus */,
				0FA5F35E16674E15001D1D26 /* Frameworks */,
				0FA5F35C16674E15001D1D26 /* Products */,
			);
			sourceTree = "<group>";
		};
		0FA5F35C16674E15001D1D26 /* Products */ = {
			isa = PBXGroup;
			children = (
				0FA5F35B16674E15001D1D26 /* wus.app */,
			);
			name = Products;
			sourceTree = "<group>";
		};
		0FA5F35E16674E15001D1D26 /* Frameworks */ = {
			isa = PBXGroup;
			children = (
				0FA5F35F16674E15001D1D26 /* UIKit.framework */,
				0FA5F36116674E15001D1D26 /* Foundation.framework */,
				0FA5F36316674E15001D1D26 /* CoreGraphics.framework */,
			);
			name = Frameworks;
			sourceTree = "<group>";
		};
		0FA5F36516674E15001D1D26 /* wus */ = {
			isa = PBXGroup;
			children = (
				0FA5F36E16674E15001D1D26 /* WILLAppDelegate.h */,
				0FA5F36F16674E15001D1D26 /* WILLAppDelegate.m */,
				0FA5F36616674E15001D1D26 /* Supporting Files */,
			);
			path = wus;
			sourceTree = "<group>";
		};
		0FA5F36616674E15001D1D26 /* Supporting Files */ = {
			isa = PBXGroup;
			children = (
				0FA5F36716674E15001D1D26 /* wus-Info.plist */,
				0FA5F36816674E15001D1D26 /* InfoPlist.strings */,
				0FA5F36B16674E15001D1D26 /* main.m */,
				0FA5F36D16674E15001D1D26 /* wus-Prefix.pch */,
			);
			name = "Supporting Files";
			sourceTree = "<group>";
		};
/* End PBXGroup section */

/* Begin PBXNativeTarget section */
		0FA5F35A16674E15001D1D26 /* wus */ = {
			isa = PBXNativeTarget;
			buildConfigurationList = 0FA5F37316674E16001D1D26 /* Build configuration list for PBXNativeTarget "wus" */;
			buildPhases = (
				0FA5F35716674E15001D1D26 /* Sources */,
				0FA5F35816674E15001D1D26 /* Frameworks */,
				0FA5F35916674E15001D1D26 /* Resources */,
			);
			buildRules = (
			);
			dependencies = (
			);
			name = wus;
			productName = wus;
			productReference = 0FA5F35B16674E15001D1D26 /* wus.app */;
			productType = "com.apple.product-type.application";
		};
/* End PBXNativeTarget section */

/* Begin PBXProject section */
		0FA5F35216674E15001D1D26 /* Project object */ = {
			isa = PBXProject;
			attributes = {
				LastUpgradeCheck = 0420;
			};
			buildConfigurationList = 0FA5F35516674E15001D1D26 /* Build configuration list for PBXProject "wus" */;
			compatibilityVersion = "Xcode 3.2";
			developmentRegion = English;
			hasScannedForEncodings = 0;
			knownRegions = (
				en,
			);
			mainGroup = 0FA5F35016674E15001D1D26;
			productRefGroup = 0FA5F35C16674E15001D1D26 /* Products */;
			projectDirPath = "";
			projectRoot = "";
			targets = (
				0FA5F35A16674E15001D1D26 /* wus */,
			);
		};
/* End PBXProject section */

/* Begin PBXResourcesBuildPhase section */
		0FA5F35916674E15001D1D26 /* Resources */ = {
			isa = PBXResourcesBuildPhase;
			buildActionMask = 2147483647;
			files = (
				0FA5F36A16674E15001D1D26 /* InfoPlist.strings in Resources */,
			);
			runOnlyForDeploymentPostprocessing = 0;
		};
/* End PBXResourcesBuildPhase section */

/* Begin PBXSourcesBuildPhase section */
		0FA5F35716674E15001D1D26 /* Sources */ = {
			isa = PBXSourcesBuildPhase;
			buildActionMask = 2147483647;
			files = (
				0FA5F36C16674E15001D1D26 /* main.m in Sources */,
				0FA5F37016674E15001D1D26 /* WILLAppDelegate.m in Sources */,
			);
			runOnlyForDeploymentPostprocessing = 0;
		};
/* End PBXSourcesBuildPhase section */

/* Begin PBXVariantGroup section */
		0FA5F36816674E15001D1D26 /* InfoPlist.strings */ = {
			isa = PBXVariantGroup;
			children = (
				0FA5F36916674E15001D1D26 /* en */,
			);
			name = InfoPlist.strings;
			sourceTree = "<group>";
		};
/* End PBXVariantGroup section */

/* Begin XCBuildConfiguration section */
		0FA5F37116674E16001D1D26 /* Debug */ = {
			isa = XCBuildConfiguration;
			buildSettings = {
				ALWAYS_SEARCH_USER_PATHS = NO;
				ARCHS = "$(ARCHS_STANDARD_32_BIT)";
				"CODE_SIGN_IDENTITY[sdk=iphoneos*]" = "iPhone Developer";
				COPY_PHASE_STRIP = NO;
				GCC_C_LANGUAGE_STANDARD = gnu99;
				GCC_DYNAMIC_NO_PIC = NO;
				GCC_OPTIMIZATION_LEVEL = 0;
				GCC_PREPROCESSOR_DEFINITIONS = (
					"DEBUG=1",
					"$(inherited)",
				);
				GCC_SYMBOLS_PRIVATE_EXTERN = NO;
				GCC_VERSION = com.apple.compilers.llvm.clang.1_0;
				GCC_WARN_ABOUT_MISSING_PROTOTYPES = YES;
				GCC_WARN_ABOUT_RETURN_TYPE = YES;
				GCC_WARN_UNUSED_VARIABLE = YES;
				IPHONEOS_DEPLOYMENT_TARGET = 5.0;
				SDKROOT = iphoneos;
			};
			name = Debug;
		};
		0FA5F37216674E16001D1D26 /* Release */ = {
			isa = XCBuildConfiguration;
			buildSettings = {
				ALWAYS_SEARCH_USER_PATHS = NO;
				ARCHS = "$(ARCHS_STANDARD_32_BIT)";
				"CODE_SIGN_IDENTITY[sdk=iphoneos*]" = "iPhone Developer";
				COPY_PHASE_STRIP = YES;
				GCC_C_LANGUAGE_STANDARD = gnu99;
				GCC_VERSION = com.apple.compilers.llvm.clang.1_0;
				GCC_WARN_ABOUT_MISSING_PROTOTYPES = YES;
				GCC_WARN_ABOUT_RETURN_TYPE = YES;
				GCC_WARN_UNUSED_VARIABLE = YES;
				IPHONEOS_DEPLOYMENT_TARGET = 5.0;
				OTHER_CFLAGS = "-DNS_BLOCK_ASSERTIONS=1";
				SDKROOT = iphoneos;
				VALIDATE_PRODUCT = YES;
			};
			name = Release;
		};
		0FA5F37416674E16001D1D26 /* Debug */ = {
			isa = XCBuildConfiguration;
			buildSettings = {
				GCC_PRECOMPILE_PREFIX_HEADER = YES;
				GCC_PREFIX_HEADER = "wus/wus-Prefix.pch";
				INFOPLIST_FILE = "wus/wus-Info.plist";
				PRODUCT_NAME = "$(TARGET_NAME)";
				WRAPPER_EXTENSION = app;
			};
			name = Debug;
		};
		0FA5F37516674E16001D1D26 /* Release */ = {
			isa = XCBuildConfiguration;
			buildSettings = {
				GCC_PRECOMPILE_PREFIX_HEADER = YES;
				GCC_PREFIX_HEADER = "wus/wus-Prefix.pch";
				INFOPLIST_FILE = "wus/wus-Info.plist";
				PRODUCT_NAME = "$(TARGET_NAME)";
				WRAPPER_EXTENSION = app;
			};
			name = Release;
		};
/* End XCBuildConfiguration section */

/* Begin XCConfigurationList section */
		0FA5F35516674E15001D1D26 /* Build configuration list for PBXProject "wus" */ = {
			isa = XCConfigurationList;
			buildConfigurations = (
				0FA5F37116674E16001D1D26 /* Debug */,
				0FA5F37216674E16001D1D26 /* Release */,
			);
			defaultConfigurationIsVisible = 0;
			defaultConfigurationName = Release;
		};
		0FA5F37316674E16001D1D26 /* Build configuration list for PBXNativeTarget "wus" */ = {
			isa = XCConfigurationList;
			buildConfigurations = (
				0FA5F37416674E16001D1D26 /* Debug */,
				0FA5F37516674E16001D1D26 /* Release */,
			);
			defaultConfigurationIsVisible = 0;
		};
/* End XCConfigurationList section */
	};
	rootObject = 0FA5F35216674E15001D1D26 /* Project object */;
}
